// !$*UTF8*$!
{
	archiveVersion = 1;
	classes = {
	};
	objectVersion = 50;
	objects = {

/* Begin PBXBuildFile section */
		BAD246B2244393CC00A55168 /* AppDelegate.swift in Sources */ = {isa = PBXBuildFile; fileRef = BAD246B1244393CC00A55168 /* AppDelegate.swift */; };
		BAD246B4244393CC00A55168 /* SceneDelegate.swift in Sources */ = {isa = PBXBuildFile; fileRef = BAD246B3244393CC00A55168 /* SceneDelegate.swift */; };
		BAD246B6244393CC00A55168 /* ViewController.swift in Sources */ = {isa = PBXBuildFile; fileRef = BAD246B5244393CC00A55168 /* ViewController.swift */; };
		BAD246B9244393CC00A55168 /* Main.storyboard in Resources */ = {isa = PBXBuildFile; fileRef = BAD246B7244393CC00A55168 /* Main.storyboard */; };
		BAD246BB244393CE00A55168 /* Assets.xcassets in Resources */ = {isa = PBXBuildFile; fileRef = BAD246BA244393CE00A55168 /* Assets.xcassets */; };
		BAD246BE244393CE00A55168 /* LaunchScreen.storyboard in Resources */ = {isa = PBXBuildFile; fileRef = BAD246BC244393CE00A55168 /* LaunchScreen.storyboard */; };
		BAD246C9244393CE00A55168 /* FlattenDictionariesTests.swift in Sources */ = {isa = PBXBuildFile; fileRef = BAD246C8244393CE00A55168 /* FlattenDictionariesTests.swift */; };
		BAD246D4244393CE00A55168 /* FlattenDictionariesUITests.swift in Sources */ = {isa = PBXBuildFile; fileRef = BAD246D3244393CE00A55168 /* FlattenDictionariesUITests.swift */; };
/* End PBXBuildFile section */

/* Begin PBXContainerItemProxy section */
		BAD246C5244393CE00A55168 /* PBXContainerItemProxy */ = {
			isa = PBXContainerItemProxy;
			containerPortal = BAD246A6244393CB00A55168 /* Project object */;
			proxyType = 1;
			remoteGlobalIDString = BAD246AD244393CC00A55168;
			remoteInfo = FlattenDictionaries;
		};
		BAD246D0244393CE00A55168 /* PBXContainerItemProxy */ = {
			isa = PBXContainerItemProxy;
			containerPortal = BAD246A6244393CB00A55168 /* Project object */;
			proxyType = 1;
			remoteGlobalIDString = BAD246AD244393CC00A55168;
			remoteInfo = FlattenDictionaries;
		};
/* End PBXContainerItemProxy section */

/* Begin PBXFileReference section */
		BAD246AE244393CC00A55168 /* FlattenDictionaries.app */ = {isa = PBXFileReference; explicitFileType = wrapper.application; includeInIndex = 0; path = FlattenDictionaries.app; sourceTree = BUILT_PRODUCTS_DIR; };
		BAD246B1244393CC00A55168 /* AppDelegate.swift */ = {isa = PBXFileReference; lastKnownFileType = sourcecode.swift; path = AppDelegate.swift; sourceTree = "<group>"; };
		BAD246B3244393CC00A55168 /* SceneDelegate.swift */ = {isa = PBXFileReference; lastKnownFileType = sourcecode.swift; path = SceneDelegate.swift; sourceTree = "<group>"; };
		BAD246B5244393CC00A55168 /* ViewController.swift */ = {isa = PBXFileReference; lastKnownFileType = sourcecode.swift; path = ViewController.swift; sourceTree = "<group>"; };
		BAD246B8244393CC00A55168 /* Base */ = {isa = PBXFileReference; lastKnownFileType = file.storyboard; name = Base; path = Base.lproj/Main.storyboard; sourceTree = "<group>"; };
		BAD246BA244393CE00A55168 /* Assets.xcassets */ = {isa = PBXFileReference; lastKnownFileType = folder.assetcatalog; path = Assets.xcassets; sourceTree = "<group>"; };
		BAD246BD244393CE00A55168 /* Base */ = {isa = PBXFileReference; lastKnownFileType = file.storyboard; name = Base; path = Base.lproj/LaunchScreen.storyboard; sourceTree = "<group>"; };
		BAD246BF244393CE00A55168 /* Info.plist */ = {isa = PBXFileReference; lastKnownFileType = text.plist.xml; path = Info.plist; sourceTree = "<group>"; };
		BAD246C4244393CE00A55168 /* FlattenDictionariesTests.xctest */ = {isa = PBXFileReference; explicitFileType = wrapper.cfbundle; includeInIndex = 0; path = FlattenDictionariesTests.xctest; sourceTree = BUILT_PRODUCTS_DIR; };
		BAD246C8244393CE00A55168 /* FlattenDictionariesTests.swift */ = {isa = PBXFileReference; lastKnownFileType = sourcecode.swift; path = FlattenDictionariesTests.swift; sourceTree = "<group>"; };
		BAD246CA244393CE00A55168 /* Info.plist */ = {isa = PBXFileReference; lastKnownFileType = text.plist.xml; path = Info.plist; sourceTree = "<group>"; };
		BAD246CF244393CE00A55168 /* FlattenDictionariesUITests.xctest */ = {isa = PBXFileReference; explicitFileType = wrapper.cfbundle; includeInIndex = 0; path = FlattenDictionariesUITests.xctest; sourceTree = BUILT_PRODUCTS_DIR; };
		BAD246D3244393CE00A55168 /* FlattenDictionariesUITests.swift */ = {isa = PBXFileReference; lastKnownFileType = sourcecode.swift; path = FlattenDictionariesUITests.swift; sourceTree = "<group>"; };
		BAD246D5244393CE00A55168 /* Info.plist */ = {isa = PBXFileReference; lastKnownFileType = text.plist.xml; path = Info.plist; sourceTree = "<group>"; };
/* End PBXFileReference section */

/* Begin PBXFrameworksBuildPhase section */
		BAD246AB244393CC00A55168 /* Frameworks */ = {
			isa = PBXFrameworksBuildPhase;
			buildActionMask = 2147483647;
			files = (
			);
			runOnlyForDeploymentPostprocessing = 0;
		};
		BAD246C1244393CE00A55168 /* Frameworks */ = {
			isa = PBXFrameworksBuildPhase;
			buildActionMask = 2147483647;
			files = (
			);
			runOnlyForDeploymentPostprocessing = 0;
		};
		BAD246CC244393CE00A55168 /* Frameworks */ = {
			isa = PBXFrameworksBuildPhase;
			buildActionMask = 2147483647;
			files = (
			);
			runOnlyForDeploymentPostprocessing = 0;
		};
/* End PBXFrameworksBuildPhase section */

/* Begin PBXGroup section */
		BAD246A5244393CB00A55168 = {
			isa = PBXGroup;
			children = (
				BAD246B0244393CC00A55168 /* FlattenDictionaries */,
				BAD246C7244393CE00A55168 /* FlattenDictionariesTests */,
				BAD246D2244393CE00A55168 /* FlattenDictionariesUITests */,
				BAD246AF244393CC00A55168 /* Products */,
			);
			sourceTree = "<group>";
		};
		BAD246AF244393CC00A55168 /* Products */ = {
			isa = PBXGroup;
			children = (
				BAD246AE244393CC00A55168 /* FlattenDictionaries.app */,
				BAD246C4244393CE00A55168 /* FlattenDictionariesTests.xctest */,
				BAD246CF244393CE00A55168 /* FlattenDictionariesUITests.xctest */,
			);
			name = Products;
			sourceTree = "<group>";
		};
		BAD246B0244393CC00A55168 /* FlattenDictionaries */ = {
			isa = PBXGroup;
			children = (
				BAD246B1244393CC00A55168 /* AppDelegate.swift */,
				BAD246B3244393CC00A55168 /* SceneDelegate.swift */,
				BAD246B5244393CC00A55168 /* ViewController.swift */,
				BAD246B7244393CC00A55168 /* Main.storyboard */,
				BAD246BA244393CE00A55168 /* Assets.xcassets */,
				BAD246BC244393CE00A55168 /* LaunchScreen.storyboard */,
				BAD246BF244393CE00A55168 /* Info.plist */,
			);
			path = FlattenDictionaries;
			sourceTree = "<group>";
		};
		BAD246C7244393CE00A55168 /* FlattenDictionariesTests */ = {
			isa = PBXGroup;
			children = (
				BAD246C8244393CE00A55168 /* FlattenDictionariesTests.swift */,
				BAD246CA244393CE00A55168 /* Info.plist */,
			);
			path = FlattenDictionariesTests;
			sourceTree = "<group>";
		};
		BAD246D2244393CE00A55168 /* FlattenDictionariesUITests */ = {
			isa = PBXGroup;
			children = (
				BAD246D3244393CE00A55168 /* FlattenDictionariesUITests.swift */,
				BAD246D5244393CE00A55168 /* Info.plist */,
			);
			path = FlattenDictionariesUITests;
			sourceTree = "<group>";
		};
/* End PBXGroup section */

/* Begin PBXNativeTarget section */
		BAD246AD244393CC00A55168 /* FlattenDictionaries */ = {
			isa = PBXNativeTarget;
			buildConfigurationList = BAD246D8244393CE00A55168 /* Build configuration list for PBXNativeTarget "FlattenDictionaries" */;
			buildPhases = (
				BAD246AA244393CC00A55168 /* Sources */,
				BAD246AB244393CC00A55168 /* Frameworks */,
				BAD246AC244393CC00A55168 /* Resources */,
			);
			buildRules = (
			);
			dependencies = (
			);
			name = FlattenDictionaries;
			productName = FlattenDictionaries;
			productReference = BAD246AE244393CC00A55168 /* FlattenDictionaries.app */;
			productType = "com.apple.product-type.application";
		};
		BAD246C3244393CE00A55168 /* FlattenDictionariesTests */ = {
			isa = PBXNativeTarget;
			buildConfigurationList = BAD246DB244393CE00A55168 /* Build configuration list for PBXNativeTarget "FlattenDictionariesTests" */;
			buildPhases = (
				BAD246C0244393CE00A55168 /* Sources */,
				BAD246C1244393CE00A55168 /* Frameworks */,
				BAD246C2244393CE00A55168 /* Resources */,
			);
			buildRules = (
			);
			dependencies = (
				BAD246C6244393CE00A55168 /* PBXTargetDependency */,
			);
			name = FlattenDictionariesTests;
			productName = FlattenDictionariesTests;
			productReference = BAD246C4244393CE00A55168 /* FlattenDictionariesTests.xctest */;
			productType = "com.apple.product-type.bundle.unit-test";
		};
		BAD246CE244393CE00A55168 /* FlattenDictionariesUITests */ = {
			isa = PBXNativeTarget;
			buildConfigurationList = BAD246DE244393CE00A55168 /* Build configuration list for PBXNativeTarget "FlattenDictionariesUITests" */;
			buildPhases = (
				BAD246CB244393CE00A55168 /* Sources */,
				BAD246CC244393CE00A55168 /* Frameworks */,
				BAD246CD244393CE00A55168 /* Resources */,
			);
			buildRules = (
			);
			dependencies = (
				BAD246D1244393CE00A55168 /* PBXTargetDependency */,
			);
			name = FlattenDictionariesUITests;
			productName = FlattenDictionariesUITests;
			productReference = BAD246CF244393CE00A55168 /* FlattenDictionariesUITests.xctest */;
			productType = "com.apple.product-type.bundle.ui-testing";
		};
/* End PBXNativeTarget section */

/* Begin PBXProject section */
		BAD246A6244393CB00A55168 /* Project object */ = {
			isa = PBXProject;
			attributes = {
				LastSwiftUpdateCheck = 1130;
				LastUpgradeCheck = 1130;
				ORGANIZATIONNAME = "Noshaid Ali";
				TargetAttributes = {
					BAD246AD244393CC00A55168 = {
						CreatedOnToolsVersion = 11.3.1;
					};
					BAD246C3244393CE00A55168 = {
						CreatedOnToolsVersion = 11.3.1;
						TestTargetID = BAD246AD244393CC00A55168;
					};
					BAD246CE244393CE00A55168 = {
						CreatedOnToolsVersion = 11.3.1;
						TestTargetID = BAD246AD244393CC00A55168;
					};
				};
			};
			buildConfigurationList = BAD246A9244393CB00A55168 /* Build configuration list for PBXProject "FlattenDictionaries" */;
			compatibilityVersion = "Xcode 9.3";
			developmentRegion = en;
			hasScannedForEncodings = 0;
			knownRegions = (
				en,
				Base,
			);
			mainGroup = BAD246A5244393CB00A55168;
			productRefGroup = BAD246AF244393CC00A55168 /* Products */;
			projectDirPath = "";
			projectRoot = "";
			targets = (
				BAD246AD244393CC00A55168 /* FlattenDictionaries */,
				BAD246C3244393CE00A55168 /* FlattenDictionariesTests */,
				BAD246CE244393CE00A55168 /* FlattenDictionariesUITests */,
			);
		};
/* End PBXProject section */

/* Begin PBXResourcesBuildPhase section */
		BAD246AC244393CC00A55168 /* Resources */ = {
			isa = PBXResourcesBuildPhase;
			buildActionMask = 2147483647;
			files = (
				BAD246BE244393CE00A55168 /* LaunchScreen.storyboard in Resources */,
				BAD246BB244393CE00A55168 /* Assets.xcassets in Resources */,
				BAD246B9244393CC00A55168 /* Main.storyboard in Resources */,
			);
			runOnlyForDeploymentPostprocessing = 0;
		};
		BAD246C2244393CE00A55168 /* Resources */ = {
			isa = PBXResourcesBuildPhase;
			buildActionMask = 2147483647;
			files = (
			);
			runOnlyForDeploymentPostprocessing = 0;
		};
		BAD246CD244393CE00A55168 /* Resources */ = {
			isa = PBXResourcesBuildPhase;
			buildActionMask = 2147483647;
			files = (
			);
			runOnlyForDeploymentPostprocessing = 0;
		};
/* End PBXResourcesBuildPhase section */

/* Begin PBXSourcesBuildPhase section */
		BAD246AA244393CC00A55168 /* Sources */ = {
			isa = PBXSourcesBuildPhase;
			buildActionMask = 2147483647;
			files = (
				BAD246B6244393CC00A55168 /* ViewController.swift in Sources */,
				BAD246B2244393CC00A55168 /* AppDelegate.swift in Sources */,
				BAD246B4244393CC00A55168 /* SceneDelegate.swift in Sources */,
			);
			runOnlyForDeploymentPostprocessing = 0;
		};
		BAD246C0244393CE00A55168 /* Sources */ = {
			isa = PBXSourcesBuildPhase;
			buildActionMask = 2147483647;
			files = (
				BAD246C9244393CE00A55168 /* FlattenDictionariesTests.swift in Sources */,
			);
			runOnlyForDeploymentPostprocessing = 0;
		};
		BAD246CB244393CE00A55168 /* Sources */ = {
			isa = PBXSourcesBuildPhase;
			buildActionMask = 2147483647;
			files = (
				BAD246D4244393CE00A55168 /* FlattenDictionariesUITests.swift in Sources */,
			);
			runOnlyForDeploymentPostprocessing = 0;
		};
/* End PBXSourcesBuildPhase section */

/* Begin PBXTargetDependency section */
		BAD246C6244393CE00A55168 /* PBXTargetDependency */ = {
			isa = PBXTargetDependency;
			target = BAD246AD244393CC00A55168 /* FlattenDictionaries */;
			targetProxy = BAD246C5244393CE00A55168 /* PBXContainerItemProxy */;
		};
		BAD246D1244393CE00A55168 /* PBXTargetDependency */ = {
			isa = PBXTargetDependency;
			target = BAD246AD244393CC00A55168 /* FlattenDictionaries */;
			targetProxy = BAD246D0244393CE00A55168 /* PBXContainerItemProxy */;
		};
/* End PBXTargetDependency section */

/* Begin PBXVariantGroup section */
		BAD246B7244393CC00A55168 /* Main.storyboard */ = {
			isa = PBXVariantGroup;
			children = (
				BAD246B8244393CC00A55168 /* Base */,
			);
			name = Main.storyboard;
			sourceTree = "<group>";
		};
		BAD246BC244393CE00A55168 /* LaunchScreen.storyboard */ = {
			isa = PBXVariantGroup;
			children = (
				BAD246BD244393CE00A55168 /* Base */,
			);
			name = LaunchScreen.storyboard;
			sourceTree = "<group>";
		};
/* End PBXVariantGroup section */

/* Begin XCBuildConfiguration section */
		BAD246D6244393CE00A55168 /* Debug */ = {
			isa = XCBuildConfiguration;
			buildSettings = {
				ALWAYS_SEARCH_USER_PATHS = NO;
				CLANG_ANALYZER_NONNULL = YES;
				CLANG_ANALYZER_NUMBER_OBJECT_CONVERSION = YES_AGGRESSIVE;
				CLANG_CXX_LANGUAGE_STANDARD = "gnu++14";
				CLANG_CXX_LIBRARY = "libc++";
				CLANG_ENABLE_MODULES = YES;
				CLANG_ENABLE_OBJC_ARC = YES;
				CLANG_ENABLE_OBJC_WEAK = YES;
				CLANG_WARN_BLOCK_CAPTURE_AUTORELEASING = YES;
				CLANG_WARN_BOOL_CONVERSION = YES;
				CLANG_WARN_COMMA = YES;
				CLANG_WARN_CONSTANT_CONVERSION = YES;
				CLANG_WARN_DEPRECATED_OBJC_IMPLEMENTATIONS = YES;
				CLANG_WARN_DIRECT_OBJC_ISA_USAGE = YES_ERROR;
				CLANG_WARN_DOCUMENTATION_COMMENTS = YES;
				CLANG_WARN_EMPTY_BODY = YES;
				CLANG_WARN_ENUM_CONVERSION = YES;
				CLANG_WARN_INFINITE_RECURSION = YES;
				CLANG_WARN_INT_CONVERSION = YES;
				CLANG_WARN_NON_LITERAL_NULL_CONVERSION = YES;
				CLANG_WARN_OBJC_IMPLICIT_RETAIN_SELF = YES;
				CLANG_WARN_OBJC_LITERAL_CONVERSION = YES;
				CLANG_WARN_OBJC_ROOT_CLASS = YES_ERROR;
				CLANG_WARN_RANGE_LOOP_ANALYSIS = YES;
				CLANG_WARN_STRICT_PROTOTYPES = YES;
				CLANG_WARN_SUSPICIOUS_MOVE = YES;
				CLANG_WARN_UNGUARDED_AVAILABILITY = YES_AGGRESSIVE;
				CLANG_WARN_UNREACHABLE_CODE = YES;
				CLANG_WARN__DUPLICATE_METHOD_MATCH = YES;
				COPY_PHASE_STRIP = NO;
				DEBUG_INFORMATION_FORMAT = dwarf;
				ENABLE_STRICT_OBJC_MSGSEND = YES;
				ENABLE_TESTABILITY = YES;
				GCC_C_LANGUAGE_STANDARD = gnu11;
				GCC_DYNAMIC_NO_PIC = NO;
				GCC_NO_COMMON_BLOCKS = YES;
				GCC_OPTIMIZATION_LEVEL = 0;
				GCC_PREPROCESSOR_DEFINITIONS = (
					"DEBUG=1",
					"$(inherited)",
				);
				GCC_WARN_64_TO_32_BIT_CONVERSION = YES;
				GCC_WARN_ABOUT_RETURN_TYPE = YES_ERROR;
				GCC_WARN_UNDECLARED_SELECTOR = YES;
				GCC_WARN_UNINITIALIZED_AUTOS = YES_AGGRESSIVE;
				GCC_WARN_UNUSED_FUNCTION = YES;
				GCC_WARN_UNUSED_VARIABLE = YES;
				IPHONEOS_DEPLOYMENT_TARGET = 13.2;
				MTL_ENABLE_DEBUG_INFO = INCLUDE_SOURCE;
				MTL_FAST_MATH = YES;
				ONLY_ACTIVE_ARCH = YES;
				SDKROOT = iphoneos;
				SWIFT_ACTIVE_COMPILATION_CONDITIONS = DEBUG;
				SWIFT_OPTIMIZATION_LEVEL = "-Onone";
			};
			name = Debug;
		};
		BAD246D7244393CE00A55168 /* Release */ = {
			isa = XCBuildConfiguration;
			buildSettings = {
				ALWAYS_SEARCH_USER_PATHS = NO;
				CLANG_ANALYZER_NONNULL = YES;
				CLANG_ANALYZER_NUMBER_OBJECT_CONVERSION = YES_AGGRESSIVE;
				CLANG_CXX_LANGUAGE_STANDARD = "gnu++14";
				CLANG_CXX_LIBRARY = "libc++";
				CLANG_ENABLE_MODULES = YES;
				CLANG_ENABLE_OBJC_ARC = YES;
				CLANG_ENABLE_OBJC_WEAK = YES;
				CLANG_WARN_BLOCK_CAPTURE_AUTORELEASING = YES;
				CLANG_WARN_BOOL_CONVERSION = YES;
				CLANG_WARN_COMMA = YES;
				CLANG_WARN_CONSTANT_CONVERSION = YES;
				CLANG_WARN_DEPRECATED_OBJC_IMPLEMENTATIONS = YES;
				CLANG_WARN_DIRECT_OBJC_ISA_USAGE = YES_ERROR;
				CLANG_WARN_DOCUMENTATION_COMMENTS = YES;
				CLANG_WARN_EMPTY_BODY = YES;
				CLANG_WARN_ENUM_CONVERSION = YES;
				CLANG_WARN_INFINITE_RECURSION = YES;
				CLANG_WARN_INT_CONVERSION = YES;
				CLANG_WARN_NON_LITERAL_NULL_CONVERSION = YES;
				CLANG_WARN_OBJC_IMPLICIT_RETAIN_SELF = YES;
				CLANG_WARN_OBJC_LITERAL_CONVERSION = YES;
				CLANG_WARN_OBJC_ROOT_CLASS = YES_ERROR;
				CLANG_WARN_RANGE_LOOP_ANALYSIS = YES;
				CLANG_WARN_STRICT_PROTOTYPES = YES;
				CLANG_WARN_SUSPICIOUS_MOVE = YES;
				CLANG_WARN_UNGUARDED_AVAILABILITY = YES_AGGRESSIVE;
				CLANG_WARN_UNREACHABLE_CODE = YES;
				CLANG_WARN__DUPLICATE_METHOD_MATCH = YES;
				COPY_PHASE_STRIP = NO;
				DEBUG_INFORMATION_FORMAT = "dwarf-with-dsym";
				ENABLE_NS_ASSERTIONS = NO;
				ENABLE_STRICT_OBJC_MSGSEND = YES;
				GCC_C_LANGUAGE_STANDARD = gnu11;
				GCC_NO_COMMON_BLOCKS = YES;
				GCC_WARN_64_TO_32_BIT_CONVERSION = YES;
				GCC_WARN_ABOUT_RETURN_TYPE = YES_ERROR;
				GCC_WARN_UNDECLARED_SELECTOR = YES;
				GCC_WARN_UNINITIALIZED_AUTOS = YES_AGGRESSIVE;
				GCC_WARN_UNUSED_FUNCTION = YES;
				GCC_WARN_UNUSED_VARIABLE = YES;
				IPHONEOS_DEPLOYMENT_TARGET = 13.2;
				MTL_ENABLE_DEBUG_INFO = NO;
				MTL_FAST_MATH = YES;
				SDKROOT = iphoneos;
				SWIFT_COMPILATION_MODE = wholemodule;
				SWIFT_OPTIMIZATION_LEVEL = "-O";
				VALIDATE_PRODUCT = YES;
			};
			name = Release;
		};
		BAD246D9244393CE00A55168 /* Debug */ = {
			isa = XCBuildConfiguration;
			buildSettings = {
				ASSETCATALOG_COMPILER_APPICON_NAME = AppIcon;
				CODE_SIGN_STYLE = Automatic;
				DEVELOPMENT_TEAM = 8QTWUFMU66;
				INFOPLIST_FILE = FlattenDictionaries/Info.plist;
				LD_RUNPATH_SEARCH_PATHS = (
					"$(inherited)",
					"@executable_path/Frameworks",
				);
				PRODUCT_BUNDLE_IDENTIFIER = com.testing.com.FlattenDictionaries;
				PRODUCT_NAME = "$(TARGET_NAME)";
				SWIFT_VERSION = 5.0;
				TARGETED_DEVICE_FAMILY = "1,2";
			};
			name = Debug;
		};
		BAD246DA244393CE00A55168 /* Release */ = {
			isa = XCBuildConfiguration;
			buildSettings = {
				ASSETCATALOG_COMPILER_APPICON_NAME = AppIcon;
				CODE_SIGN_STYLE = Automatic;
				DEVELOPMENT_TEAM = 8QTWUFMU66;
				INFOPLIST_FILE = FlattenDictionaries/Info.plist;
				LD_RUNPATH_SEARCH_PATHS = (
					"$(inherited)",
					"@executable_path/Frameworks",
				);
				PRODUCT_BUNDLE_IDENTIFIER = com.testing.com.FlattenDictionaries;
				PRODUCT_NAME = "$(TARGET_NAME)";
				SWIFT_VERSION = 5.0;
				TARGETED_DEVICE_FAMILY = "1,2";
			};
			name = Release;
		};
		BAD246DC244393CE00A55168 /* Debug */ = {
			isa = XCBuildConfiguration;
			buildSettings = {
				ALWAYS_EMBED_SWIFT_STANDARD_LIBRARIES = YES;
				BUNDLE_LOADER = "$(TEST_HOST)";
				CODE_SIGN_STYLE = Automatic;
				DEVELOPMENT_TEAM = 8QTWUFMU66;
				INFOPLIST_FILE = FlattenDictionariesTests/Info.plist;
				IPHONEOS_DEPLOYMENT_TARGET = 13.2;
				LD_RUNPATH_SEARCH_PATHS = (
					"$(inherited)",
					"@executable_path/Frameworks",
					"@loader_path/Frameworks",
				);
				PRODUCT_BUNDLE_IDENTIFIER = com.testing.com.FlattenDictionariesTests;
				PRODUCT_NAME = "$(TARGET_NAME)";
				SWIFT_VERSION = 5.0;
				TARGETED_DEVICE_FAMILY = "1,2";
				TEST_HOST = "$(BUILT_PRODUCTS_DIR)/FlattenDictionaries.app/FlattenDictionaries";
			};
			name = Debug;
		};
		BAD246DD244393CE00A55168 /* Release */ = {
			isa = XCBuildConfiguration;
			buildSettings = {
				ALWAYS_EMBED_SWIFT_STANDARD_LIBRARIES = YES;
				BUNDLE_LOADER = "$(TEST_HOST)";
				CODE_SIGN_STYLE = Automatic;
				DEVELOPMENT_TEAM = 8QTWUFMU66;
				INFOPLIST_FILE = FlattenDictionariesTests/Info.plist;
				IPHONEOS_DEPLOYMENT_TARGET = 13.2;
				LD_RUNPATH_SEARCH_PATHS = (
					"$(inherited)",
					"@executable_path/Frameworks",
					"@loader_path/Frameworks",
				);
				PRODUCT_BUNDLE_IDENTIFIER = com.testing.com.FlattenDictionariesTests;
				PRODUCT_NAME = "$(TARGET_NAME)";
				SWIFT_VERSION = 5.0;
				TARGETED_DEVICE_FAMILY = "1,2";
				TEST_HOST = "$(BUILT_PRODUCTS_DIR)/FlattenDictionaries.app/FlattenDictionaries";
			};
			name = Release;
		};
		BAD246DF244393CE00A55168 /* Debug */ = {
			isa = XCBuildConfiguration;
			buildSettings = {
				ALWAYS_EMBED_SWIFT_STANDARD_LIBRARIES = YES;
				CODE_SIGN_STYLE = Automatic;
				DEVELOPMENT_TEAM = 8QTWUFMU66;
				INFOPLIST_FILE = FlattenDictionariesUITests/Info.plist;
				LD_RUNPATH_SEARCH_PATHS = (
					"$(inherited)",
					"@executable_path/Frameworks",
					"@loader_path/Frameworks",
				);
				PRODUCT_BUNDLE_IDENTIFIER = com.testing.com.FlattenDictionariesUITests;
				PRODUCT_NAME = "$(TARGET_NAME)";
				SWIFT_VERSION = 5.0;
				TARGETED_DEVICE_FAMILY = "1,2";
				TEST_TARGET_NAME = FlattenDictionaries;
			};
			name = Debug;
		};
		BAD246E0244393CE00A55168 /* Release */ = {
			isa = XCBuildConfiguration;
			buildSettings = {
				ALWAYS_EMBED_SWIFT_STANDARD_LIBRARIES = YES;
				CODE_SIGN_STYLE = Automatic;
				DEVELOPMENT_TEAM = 8QTWUFMU66;
				INFOPLIST_FILE = FlattenDictionariesUITests/Info.plist;
				LD_RUNPATH_SEARCH_PATHS = (
					"$(inherited)",
					"@executable_path/Frameworks",
					"@loader_path/Frameworks",
				);
				PRODUCT_BUNDLE_IDENTIFIER = com.testing.com.FlattenDictionariesUITests;
				PRODUCT_NAME = "$(TARGET_NAME)";
				SWIFT_VERSION = 5.0;
				TARGETED_DEVICE_FAMILY = "1,2";
				TEST_TARGET_NAME = FlattenDictionaries;
			};
			name = Release;
		};
/* End XCBuildConfiguration section */

/* Begin XCConfigurationList section */
		BAD246A9244393CB00A55168 /* Build configuration list for PBXProject "FlattenDictionaries" */ = {
			isa = XCConfigurationList;
			buildConfigurations = (
				BAD246D6244393CE00A55168 /* Debug */,
				BAD246D7244393CE00A55168 /* Release */,
			);
			defaultConfigurationIsVisible = 0;
			defaultConfigurationName = Release;
		};
		BAD246D8244393CE00A55168 /* Build configuration list for PBXNativeTarget "FlattenDictionaries" */ = {
			isa = XCConfigurationList;
			buildConfigurations = (
				BAD246D9244393CE00A55168 /* Debug */,
				BAD246DA244393CE00A55168 /* Release */,
			);
			defaultConfigurationIsVisible = 0;
			defaultConfigurationName = Release;
		};
		BAD246DB244393CE00A55168 /* Build configuration list for PBXNativeTarget "FlattenDictionariesTests" */ = {
			isa = XCConfigurationList;
			buildConfigurations = (
				BAD246DC244393CE00A55168 /* Debug */,
				BAD246DD244393CE00A55168 /* Release */,
			);
			defaultConfigurationIsVisible = 0;
			defaultConfigurationName = Release;
		};
		BAD246DE244393CE00A55168 /* Build configuration list for PBXNativeTarget "FlattenDictionariesUITests" */ = {
			isa = XCConfigurationList;
			buildConfigurations = (
				BAD246DF244393CE00A55168 /* Debug */,
				BAD246E0244393CE00A55168 /* Release */,
			);
			defaultConfigurationIsVisible = 0;
			defaultConfigurationName = Release;
		};
/* End XCConfigurationList section */
	};
	rootObject = BAD246A6244393CB00A55168 /* Project object */;
}
